
Microsoft Visual Studio Solution File, Format Version 12.00
# Visual Studio Version 17
VisualStudioVersion = 17.0.31912.275
MinimumVisualStudioVersion = 10.0.40219.1
Project("{FAE04EC0-301F-11D3-BF4B-00C04F79EFBC}") = "LektionsVinylCollection", "LektionsVinylCollection\LektionsVinylCollection.csproj", "{C7103541-6581-4BA0-A274-50EDD9A11932}"
EndProject
Global
	GlobalSection(SolutionConfigurationPlatforms) = preSolution
		Debug|Any CPU = Debug|Any CPU
		Release|Any CPU = Release|Any CPU
	EndGlobalSection
	GlobalSection(ProjectConfigurationPlatforms) = postSolution
		{C7103541-6581-4BA0-A274-50EDD9A11932}.Debug|Any CPU.ActiveCfg = Debug|Any CPU
		{C7103541-6581-4BA0-A274-50EDD9A11932}.Debug|Any CPU.Build.0 = Debug|Any CPU
		{C7103541-6581-4BA0-A274-50EDD9A11932}.Release|Any CPU.ActiveCfg = Release|Any CPU
		{C7103541-6581-4BA0-A274-50EDD9A11932}.Release|Any CPU.Build.0 = Release|Any CPU
	EndGlobalSection
	GlobalSection(SolutionProperties) = preSolution
		HideSolutionNode = FALSE
	EndGlobalSection
	GlobalSection(ExtensibilityGlobals) = postSolution
		SolutionGuid = {73B329E8-3CE9-4851-A911-4AA69680891A}
	EndGlobalSection
EndGlobal
